
Microsoft Visual Studio Solution File, Format Version 12.00
# Visual Studio Version 16
VisualStudioVersion = 16.0.30011.22
MinimumVisualStudioVersion = 10.0.40219.1
Project("{9A19103F-16F7-4668-BE54-9A1E7A4F7556}") = "DevIO.Business", "src\DevIO.Business\DevIO.Business.csproj", "{CCA1505B-042C-4739-B1AB-D6AE08C4DB97}"
EndProject
Project("{9A19103F-16F7-4668-BE54-9A1E7A4F7556}") = "DevIO.Data", "src\DevIO.Data\DevIO.Data.csproj", "{9E218F37-A7B9-4268-B95E-C31FBEB67FB8}"
EndProject
Project("{FAE04EC0-301F-11D3-BF4B-00C04F79EFBC}") = "DevIO.Api", "src\DevIO.Api\DevIO.Api.csproj", "{DF7594CB-5687-407E-AD8C-9C7E31E6E7B7}"
EndProject
Global
	GlobalSection(SolutionConfigurationPlatforms) = preSolution
		Debug|Any CPU = Debug|Any CPU
		Release|Any CPU = Release|Any CPU
	EndGlobalSection
	GlobalSection(ProjectConfigurationPlatforms) = postSolution
		{CCA1505B-042C-4739-B1AB-D6AE08C4DB97}.Debug|Any CPU.ActiveCfg = Debug|Any CPU
		{CCA1505B-042C-4739-B1AB-D6AE08C4DB97}.Debug|Any CPU.Build.0 = Debug|Any CPU
		{CCA1505B-042C-4739-B1AB-D6AE08C4DB97}.Release|Any CPU.ActiveCfg = Release|Any CPU
		{CCA1505B-042C-4739-B1AB-D6AE08C4DB97}.Release|Any CPU.Build.0 = Release|Any CPU
		{9E218F37-A7B9-4268-B95E-C31FBEB67FB8}.Debug|Any CPU.ActiveCfg = Debug|Any CPU
		{9E218F37-A7B9-4268-B95E-C31FBEB67FB8}.Debug|Any CPU.Build.0 = Debug|Any CPU
		{9E218F37-A7B9-4268-B95E-C31FBEB67FB8}.Release|Any CPU.ActiveCfg = Release|Any CPU
		{9E218F37-A7B9-4268-B95E-C31FBEB67FB8}.Release|Any CPU.Build.0 = Release|Any CPU
		{DF7594CB-5687-407E-AD8C-9C7E31E6E7B7}.Debug|Any CPU.ActiveCfg = Debug|Any CPU
		{DF7594CB-5687-407E-AD8C-9C7E31E6E7B7}.Debug|Any CPU.Build.0 = Debug|Any CPU
		{DF7594CB-5687-407E-AD8C-9C7E31E6E7B7}.Release|Any CPU.ActiveCfg = Release|Any CPU
		{DF7594CB-5687-407E-AD8C-9C7E31E6E7B7}.Release|Any CPU.Build.0 = Release|Any CPU
	EndGlobalSection
	GlobalSection(SolutionProperties) = preSolution
		HideSolutionNode = FALSE
	EndGlobalSection
	GlobalSection(ExtensibilityGlobals) = postSolution
		SolutionGuid = {AFAEFAD9-B3E8-40FA-BC3B-926D179088FB}
	EndGlobalSection
EndGlobal
